
Microsoft Visual Studio Solution File, Format Version 12.00
# Visual Studio 14
VisualStudioVersion = 14.0.25420.1
MinimumVisualStudioVersion = 10.0.40219.1
Project("{8BC9CEB8-8B4A-11D0-8D11-00A0C91BC942}") = "TestCurl", "TestCurl.vcxproj", "{ED72124A-A07E-4D5A-B022-1912994B8227}"
EndProject
Project("{8BC9CEB8-8B4A-11D0-8D11-00A0C91BC942}") = "RunTest", "..\RunTest\RunTest.vcxproj", "{2372BA52-D89A-4698-AE13-37C41215D332}"
EndProject
Global
	GlobalSection(SolutionConfigurationPlatforms) = preSolution
		Debug|x64 = Debug|x64
		Debug|x86 = Debug|x86
		Release|x64 = Release|x64
		Release|x86 = Release|x86
	EndGlobalSection
	GlobalSection(ProjectConfigurationPlatforms) = postSolution
		{ED72124A-A07E-4D5A-B022-1912994B8227}.Debug|x64.ActiveCfg = Debug|x64
		{ED72124A-A07E-4D5A-B022-1912994B8227}.Debug|x64.Build.0 = Debug|x64
		{ED72124A-A07E-4D5A-B022-1912994B8227}.Debug|x86.ActiveCfg = Debug|Win32
		{ED72124A-A07E-4D5A-B022-1912994B8227}.Debug|x86.Build.0 = Debug|Win32
		{ED72124A-A07E-4D5A-B022-1912994B8227}.Release|x64.ActiveCfg = Release|x64
		{ED72124A-A07E-4D5A-B022-1912994B8227}.Release|x64.Build.0 = Release|x64
		{ED72124A-A07E-4D5A-B022-1912994B8227}.Release|x86.ActiveCfg = Release|Win32
		{ED72124A-A07E-4D5A-B022-1912994B8227}.Release|x86.Build.0 = Release|Win32
		{2372BA52-D89A-4698-AE13-37C41215D332}.Debug|x64.ActiveCfg = Debug|x64
		{2372BA52-D89A-4698-AE13-37C41215D332}.Debug|x64.Build.0 = Debug|x64
		{2372BA52-D89A-4698-AE13-37C41215D332}.Debug|x86.ActiveCfg = Debug|Win32
		{2372BA52-D89A-4698-AE13-37C41215D332}.Debug|x86.Build.0 = Debug|Win32
		{2372BA52-D89A-4698-AE13-37C41215D332}.Release|x64.ActiveCfg = Release|x64
		{2372BA52-D89A-4698-AE13-37C41215D332}.Release|x64.Build.0 = Release|x64
		{2372BA52-D89A-4698-AE13-37C41215D332}.Release|x86.ActiveCfg = Release|Win32
		{2372BA52-D89A-4698-AE13-37C41215D332}.Release|x86.Build.0 = Release|Win32
	EndGlobalSection
	GlobalSection(SolutionProperties) = preSolution
		HideSolutionNode = FALSE
	EndGlobalSection
EndGlobal
